
Microsoft Visual Studio Solution File, Format Version 12.00
# Visual Studio 15
VisualStudioVersion = 15.0.27130.2036
MinimumVisualStudioVersion = 10.0.40219.1
Project("{9A19103F-16F7-4668-BE54-9A1E7A4F7556}") = "Alligator.Gomoku.Solver", "Alligator.Gomoku.Solver\Alligator.Gomoku.Solver.csproj", "{95DFA5B3-A3C3-43E7-BB0C-A4235F255324}"
EndProject
Project("{FAE04EC0-301F-11D3-BF4B-00C04F79EFBC}") = "Alligator.Gomoku.Demo", "Alligator.Gomoku.Demo\Alligator.Gomoku.Demo.csproj", "{0FFEA84D-A851-4CCE-A13E-66D50885EF81}"
EndProject
Global
	GlobalSection(SolutionConfigurationPlatforms) = preSolution
		Debug|Any CPU = Debug|Any CPU
		Release|Any CPU = Release|Any CPU
	EndGlobalSection
	GlobalSection(ProjectConfigurationPlatforms) = postSolution
		{95DFA5B3-A3C3-43E7-BB0C-A4235F255324}.Debug|Any CPU.ActiveCfg = Debug|Any CPU
		{95DFA5B3-A3C3-43E7-BB0C-A4235F255324}.Debug|Any CPU.Build.0 = Debug|Any CPU
		{95DFA5B3-A3C3-43E7-BB0C-A4235F255324}.Release|Any CPU.ActiveCfg = Release|Any CPU
		{95DFA5B3-A3C3-43E7-BB0C-A4235F255324}.Release|Any CPU.Build.0 = Release|Any CPU
		{0FFEA84D-A851-4CCE-A13E-66D50885EF81}.Debug|Any CPU.ActiveCfg = Debug|Any CPU
		{0FFEA84D-A851-4CCE-A13E-66D50885EF81}.Debug|Any CPU.Build.0 = Debug|Any CPU
		{0FFEA84D-A851-4CCE-A13E-66D50885EF81}.Release|Any CPU.ActiveCfg = Release|Any CPU
		{0FFEA84D-A851-4CCE-A13E-66D50885EF81}.Release|Any CPU.Build.0 = Release|Any CPU
	EndGlobalSection
	GlobalSection(SolutionProperties) = preSolution
		HideSolutionNode = FALSE
	EndGlobalSection
	GlobalSection(ExtensibilityGlobals) = postSolution
		SolutionGuid = {6562BAC8-5DA7-4BA4-B212-0A6C4C909E7A}
	EndGlobalSection
EndGlobal
